
Microsoft Visual Studio Solution File, Format Version 12.00
# Visual Studio 15
VisualStudioVersion = 15.0.26124.0
MinimumVisualStudioVersion = 15.0.26124.0
Project("{2150E333-8FDC-42A3-9474-1A3956D46DE8}") = "Runtime", "Runtime", "{5D56E0C2-19AF-4FE4-AF06-09506A006DD9}"
EndProject
Project("{FAE04EC0-301F-11D3-BF4B-00C04F79EFBC}") = "BehaviorTree.NET", "Runtime\BehaviorTree.NET\BehaviorTree.NET.csproj", "{C1713217-B2CC-4367-935A-04891DCD2DDF}"
EndProject
Project("{2150E333-8FDC-42A3-9474-1A3956D46DE8}") = "Tests", "Tests", "{A73A9688-A3C8-4EB1-AE2B-DAF022A38323}"
EndProject
Project("{2150E333-8FDC-42A3-9474-1A3956D46DE8}") = "Runtime", "Runtime", "{687289CE-94B1-4BA1-8ECB-99908B07C316}"
EndProject
Project("{FAE04EC0-301F-11D3-BF4B-00C04F79EFBC}") = "BehaviorTree.NET.Test", "Tests\Runtime\BehaviorTree.NET.Test\BehaviorTree.NET.Test.csproj", "{B7823953-AFFF-4B47-A8D6-0A24F77ACD4C}"
EndProject
Global
	GlobalSection(SolutionConfigurationPlatforms) = preSolution
		Debug|Any CPU = Debug|Any CPU
		Debug|x64 = Debug|x64
		Debug|x86 = Debug|x86
		Release|Any CPU = Release|Any CPU
		Release|x64 = Release|x64
		Release|x86 = Release|x86
	EndGlobalSection
	GlobalSection(SolutionProperties) = preSolution
		HideSolutionNode = FALSE
	EndGlobalSection
	GlobalSection(ProjectConfigurationPlatforms) = postSolution
		{C1713217-B2CC-4367-935A-04891DCD2DDF}.Debug|Any CPU.ActiveCfg = Debug|Any CPU
		{C1713217-B2CC-4367-935A-04891DCD2DDF}.Debug|Any CPU.Build.0 = Debug|Any CPU
		{C1713217-B2CC-4367-935A-04891DCD2DDF}.Debug|x64.ActiveCfg = Debug|Any CPU
		{C1713217-B2CC-4367-935A-04891DCD2DDF}.Debug|x64.Build.0 = Debug|Any CPU
		{C1713217-B2CC-4367-935A-04891DCD2DDF}.Debug|x86.ActiveCfg = Debug|Any CPU
		{C1713217-B2CC-4367-935A-04891DCD2DDF}.Debug|x86.Build.0 = Debug|Any CPU
		{C1713217-B2CC-4367-935A-04891DCD2DDF}.Release|Any CPU.ActiveCfg = Release|Any CPU
		{C1713217-B2CC-4367-935A-04891DCD2DDF}.Release|Any CPU.Build.0 = Release|Any CPU
		{C1713217-B2CC-4367-935A-04891DCD2DDF}.Release|x64.ActiveCfg = Release|Any CPU
		{C1713217-B2CC-4367-935A-04891DCD2DDF}.Release|x64.Build.0 = Release|Any CPU
		{C1713217-B2CC-4367-935A-04891DCD2DDF}.Release|x86.ActiveCfg = Release|Any CPU
		{C1713217-B2CC-4367-935A-04891DCD2DDF}.Release|x86.Build.0 = Release|Any CPU
		{B7823953-AFFF-4B47-A8D6-0A24F77ACD4C}.Debug|Any CPU.ActiveCfg = Debug|Any CPU
		{B7823953-AFFF-4B47-A8D6-0A24F77ACD4C}.Debug|Any CPU.Build.0 = Debug|Any CPU
		{B7823953-AFFF-4B47-A8D6-0A24F77ACD4C}.Debug|x64.ActiveCfg = Debug|Any CPU
		{B7823953-AFFF-4B47-A8D6-0A24F77ACD4C}.Debug|x64.Build.0 = Debug|Any CPU
		{B7823953-AFFF-4B47-A8D6-0A24F77ACD4C}.Debug|x86.ActiveCfg = Debug|Any CPU
		{B7823953-AFFF-4B47-A8D6-0A24F77ACD4C}.Debug|x86.Build.0 = Debug|Any CPU
		{B7823953-AFFF-4B47-A8D6-0A24F77ACD4C}.Release|Any CPU.ActiveCfg = Release|Any CPU
		{B7823953-AFFF-4B47-A8D6-0A24F77ACD4C}.Release|Any CPU.Build.0 = Release|Any CPU
		{B7823953-AFFF-4B47-A8D6-0A24F77ACD4C}.Release|x64.ActiveCfg = Release|Any CPU
		{B7823953-AFFF-4B47-A8D6-0A24F77ACD4C}.Release|x64.Build.0 = Release|Any CPU
		{B7823953-AFFF-4B47-A8D6-0A24F77ACD4C}.Release|x86.ActiveCfg = Release|Any CPU
		{B7823953-AFFF-4B47-A8D6-0A24F77ACD4C}.Release|x86.Build.0 = Release|Any CPU
	EndGlobalSection
	GlobalSection(NestedProjects) = preSolution
		{C1713217-B2CC-4367-935A-04891DCD2DDF} = {5D56E0C2-19AF-4FE4-AF06-09506A006DD9}
		{687289CE-94B1-4BA1-8ECB-99908B07C316} = {A73A9688-A3C8-4EB1-AE2B-DAF022A38323}
		{B7823953-AFFF-4B47-A8D6-0A24F77ACD4C} = {687289CE-94B1-4BA1-8ECB-99908B07C316}
	EndGlobalSection
EndGlobal
